
Microsoft Visual Studio Solution File, Format Version 12.00
# Visual Studio Version 16
VisualStudioVersion = 16.0.31112.23
MinimumVisualStudioVersion = 10.0.40219.1
Project("{FAE04EC0-301F-11D3-BF4B-00C04F79EFBC}") = "Arrays_Hashing", "Arrays_Hashing\Arrays_Hashing.csproj", "{2D8D0512-8FC7-4359-B07A-433AAB5A74F6}"
EndProject
Global
	GlobalSection(SolutionConfigurationPlatforms) = preSolution
		Debug|Any CPU = Debug|Any CPU
		Release|Any CPU = Release|Any CPU
	EndGlobalSection
	GlobalSection(ProjectConfigurationPlatforms) = postSolution
		{2D8D0512-8FC7-4359-B07A-433AAB5A74F6}.Debug|Any CPU.ActiveCfg = Debug|Any CPU
		{2D8D0512-8FC7-4359-B07A-433AAB5A74F6}.Debug|Any CPU.Build.0 = Debug|Any CPU
		{2D8D0512-8FC7-4359-B07A-433AAB5A74F6}.Release|Any CPU.ActiveCfg = Release|Any CPU
		{2D8D0512-8FC7-4359-B07A-433AAB5A74F6}.Release|Any CPU.Build.0 = Release|Any CPU
	EndGlobalSection
	GlobalSection(SolutionProperties) = preSolution
		HideSolutionNode = FALSE
	EndGlobalSection
	GlobalSection(ExtensibilityGlobals) = postSolution
		SolutionGuid = {E47A2552-D6FD-4A38-8F2B-E4D7B9C8CC2E}
	EndGlobalSection
EndGlobal
